
Microsoft Visual Studio Solution File, Format Version 12.00
# Visual Studio Version 17
VisualStudioVersion = 17.8.34525.116
MinimumVisualStudioVersion = 10.0.40219.1
Project("{FAE04EC0-301F-11D3-BF4B-00C04F79EFBC}") = "ADMIN", "ADMIN\ADMIN.csproj", "{37D0D2BF-6516-48C6-A5FF-A39E2776ECFE}"
EndProject
Global
	GlobalSection(SolutionConfigurationPlatforms) = preSolution
		Debug|Any CPU = Debug|Any CPU
		Release|Any CPU = Release|Any CPU
	EndGlobalSection
	GlobalSection(ProjectConfigurationPlatforms) = postSolution
		{37D0D2BF-6516-48C6-A5FF-A39E2776ECFE}.Debug|Any CPU.ActiveCfg = Debug|Any CPU
		{37D0D2BF-6516-48C6-A5FF-A39E2776ECFE}.Debug|Any CPU.Build.0 = Debug|Any CPU
		{37D0D2BF-6516-48C6-A5FF-A39E2776ECFE}.Release|Any CPU.ActiveCfg = Release|Any CPU
		{37D0D2BF-6516-48C6-A5FF-A39E2776ECFE}.Release|Any CPU.Build.0 = Release|Any CPU
	EndGlobalSection
	GlobalSection(SolutionProperties) = preSolution
		HideSolutionNode = FALSE
	EndGlobalSection
	GlobalSection(ExtensibilityGlobals) = postSolution
		SolutionGuid = {705A7347-87EE-4162-96EA-144C7C3100DB}
	EndGlobalSection
EndGlobal
